<?xml version="1.0" encoding="utf-8"?>
<Project ToolsVersion="4.0" xmlns="http://schemas.microsoft.com/developer/msbuild/2003">
  <ItemGroup>
    <Filter Include="Source Files">
      <UniqueIdentifier>{4FC737F1-C7A5-4376-A066-2A32D752A2FF}</UniqueIdentifier>
      <Extensions>cpp;c;cc;cxx;def;odl;idl;hpj;bat;asm;asmx</Extensions>
    </Filter>
    <Filter Include="Header Files">
      <UniqueIdentifier>{93995380-89BD-4b04-88EB-625FBE52EBFB}</UniqueIdentifier>
      <Extensions>h;hh;hpp;hxx;hm;inl;inc;ipp;xsd</Extensions>
    </Filter>
    <Filter Include="Resource Files">
      <UniqueIdentifier>{67DA6AB6-F800-4c08-8B7A-83BB121AAD01}</UniqueIdentifier>
      <Extensions>rc;ico;cur;bmp;dlg;rc2;rct;bin;rgs;gif;jpg;jpeg;jpe;resx;tiff;tif;png;wav;mfcribbon-ms</Extensions>
    </Filter>
  </ItemGroup>
  <ItemGroup>
    <ClInclude Include="account.h">
      <Filter>Header Files</Filter>
    </ClInclude>
    <ClInclude Include="channel.h">
      <Filter>Header Files</Filter>
    </ClInclude>
    <ClInclude Include="clif.h">
      <Filter>Header Files</Filter>
    </ClInclude>
    <ClInclude Include="exception.h">
      <Filter>Header Files</Filter>
    </ClInclude>
    <ClInclude Include="inventory.h">
      <Filter>Header Files</Filter>
    </ClInclude>
    <ClInclude Include="itemdb.h">
      <Filter>Header Files</Filter>
    </ClInclude>
    <ClInclude Include="pc.h">
      <Filter>Header Files</Filter>
    </ClInclude>
    <ClInclude Include="pc_manager.h">
      <Filter>Header Files</Filter>
    </ClInclude>
    <ClInclude Include="reader.h">
      <Filter>Header Files</Filter>
    </ClInclude>
    <ClInclude Include="shop.h">
      <Filter>Header Files</Filter>
    </ClInclude>
    <ClInclude Include="static.h">
      <Filter>Header Files</Filter>
    </ClInclude>
    <ClInclude Include="session.h">
      <Filter>Header Files</Filter>
    </ClInclude>
    <ClInclude Include="socket.h">
      <Filter>Header Files</Filter>
    </ClInclude>
    <ClInclude Include="mail.h">
      <Filter>Header Files</Filter>
    </ClInclude>
    <ClInclude Include="gameplay.h">
      <Filter>Header Files</Filter>
    </ClInclude>
    <ClInclude Include="packetdb.h">
      <Filter>Header Files</Filter>
    </ClInclude>
    <ClInclude Include="packetParser.h">
      <Filter>Header Files</Filter>
    </ClInclude>
  </ItemGroup>
  <ItemGroup>
    <ClCompile Include="account.cpp">
      <Filter>Source Files</Filter>
    </ClCompile>
    <ClCompile Include="channel.cpp">
      <Filter>Source Files</Filter>
    </ClCompile>
    <ClCompile Include="clif.cpp">
      <Filter>Source Files</Filter>
    </ClCompile>
    <ClCompile Include="inventory.cpp">
      <Filter>Source Files</Filter>
    </ClCompile>
    <ClCompile Include="itemdb.cpp">
      <Filter>Source Files</Filter>
    </ClCompile>
    <ClCompile Include="pc.cpp">
      <Filter>Source Files</Filter>
    </ClCompile>
    <ClCompile Include="pc_manager.cpp">
      <Filter>Source Files</Filter>
    </ClCompile>
    <ClCompile Include="reader.cpp">
      <Filter>Source Files</Filter>
    </ClCompile>
    <ClCompile Include="shop.cpp">
      <Filter>Source Files</Filter>
    </ClCompile>
    <ClCompile Include="game.cpp">
      <Filter>Source Files</Filter>
    </ClCompile>
    <ClCompile Include="session.cpp">
      <Filter>Source Files</Filter>
    </ClCompile>
    <ClCompile Include="socket.cpp">
      <Filter>Source Files</Filter>
    </ClCompile>
    <ClCompile Include="mail.cpp">
      <Filter>Source Files</Filter>
    </ClCompile>
    <ClCompile Include="gameplay.cpp">
      <Filter>Source Files</Filter>
    </ClCompile>
    <ClCompile Include="gameplay_chatroom.cpp">
      <Filter>Source Files</Filter>
    </ClCompile>
    <ClCompile Include="gameplay_stroke.cpp">
      <Filter>Source Files</Filter>
    </ClCompile>
    <ClCompile Include="packetdb.cpp">
      <Filter>Source Files</Filter>
    </ClCompile>
    <ClCompile Include="packetParser.cpp">
      <Filter>Source Files</Filter>
    </ClCompile>
    <ClCompile Include="gameplay_practice.cpp">
      <Filter>Source Files</Filter>
    </ClCompile>
  </ItemGroup>
  <ItemGroup>
    <None Include="ClassDiagram.cd" />
  </ItemGroup>
</Project>